Microsoft Visual Studio Solution File, Format Version 12.00
# Visual Studio Version 17
VisualStudioVersion = 17.5.2.0
MinimumVisualStudioVersion = 10.0.40219.1
Project("{FAE04EC0-301F-11D3-BF4B-00C04F79EFBC}") = "Backend", "Backend\Backend.csproj", "{D0468084-55C6-46CD-97BE-A5BAB089697C}"
EndProject
Project("{FAE04EC0-301F-11D3-BF4B-00C04F79EFBC}") = "Backend.Tests", "Backend.Tests\Backend.Tests.csproj", "{8E6F3F7B-136A-41C7-AA1C-64E51FD209D8}"
EndProject
Global
	GlobalSection(SolutionConfigurationPlatforms) = preSolution
		Debug|Any CPU = Debug|Any CPU
		Release|Any CPU = Release|Any CPU
	EndGlobalSection
	GlobalSection(ProjectConfigurationPlatforms) = postSolution
		{27E5089B-D9DC-62AD-E964-15F52E8D499C}.Debug|Any CPU.ActiveCfg = Debug|Any CPU
		{27E5089B-D9DC-62AD-E964-15F52E8D499C}.Debug|Any CPU.Build.0 = Debug|Any CPU
		{27E5089B-D9DC-62AD-E964-15F52E8D499C}.Release|Any CPU.ActiveCfg = Release|Any CPU
		{27E5089B-D9DC-62AD-E964-15F52E8D499C}.Release|Any CPU.Build.0 = Release|Any CPU
		{0B424152-3EAE-46EE-B948-1CABE3AF1DAB}.Debug|Any CPU.ActiveCfg = Debug|Any CPU
		{0B424152-3EAE-46EE-B948-1CABE3AF1DAB}.Debug|Any CPU.Build.0 = Debug|Any CPU
		{0B424152-3EAE-46EE-B948-1CABE3AF1DAB}.Release|Any CPU.ActiveCfg = Release|Any CPU
		{0B424152-3EAE-46EE-B948-1CABE3AF1DAB}.Release|Any CPU.Build.0 = Release|Any CPU
		{D0468084-55C6-46CD-97BE-A5BAB089697C}.Debug|Any CPU.ActiveCfg = Debug|Any CPU
		{D0468084-55C6-46CD-97BE-A5BAB089697C}.Debug|Any CPU.Build.0 = Debug|Any CPU
		{D0468084-55C6-46CD-97BE-A5BAB089697C}.Release|Any CPU.ActiveCfg = Release|Any CPU
		{D0468084-55C6-46CD-97BE-A5BAB089697C}.Release|Any CPU.Build.0 = Release|Any CPU
		{8E6F3F7B-136A-41C7-AA1C-64E51FD209D8}.Debug|Any CPU.ActiveCfg = Debug|Any CPU
		{8E6F3F7B-136A-41C7-AA1C-64E51FD209D8}.Debug|Any CPU.Build.0 = Debug|Any CPU
		{8E6F3F7B-136A-41C7-AA1C-64E51FD209D8}.Release|Any CPU.ActiveCfg = Release|Any CPU
		{8E6F3F7B-136A-41C7-AA1C-64E51FD209D8}.Release|Any CPU.Build.0 = Release|Any CPU
	EndGlobalSection
	GlobalSection(SolutionProperties) = preSolution
		HideSolutionNode = FALSE
	EndGlobalSection
	GlobalSection(ExtensibilityGlobals) = postSolution
		SolutionGuid = {92A7C113-A222-4D45-BEE6-48D1C88F23E9}
	EndGlobalSection
EndGlobal
